Microsoft Visual Studio Solution File, Format Version 10.00
# Visual Studio 2008

Project("{8C376BB4-14C1-997A-84CA-93CF4D1445B1}") = "Graphics361Unity3D", "Assembly-CSharp-firstpass-vs.csproj", "{0CA0775C-F729-A7AA-8BB8-5B4FF0042215}"
EndProject
Global
	GlobalSection(SolutionConfigurationPlatforms) = preSolution
		Debug|Any CPU = Debug|Any CPU
		Release|Any CPU = Release|Any CPU
	EndGlobalSection
	GlobalSection(ProjectConfigurationPlatforms) = postSolution
		{0CA0775C-F729-A7AA-8BB8-5B4FF0042215}.Debug|Any CPU.ActiveCfg = Debug|Any CPU
		{0CA0775C-F729-A7AA-8BB8-5B4FF0042215}.Debug|Any CPU.Build.0 = Debug|Any CPU
		{0CA0775C-F729-A7AA-8BB8-5B4FF0042215}.Release|Any CPU.ActiveCfg = Release|Any CPU
		{0CA0775C-F729-A7AA-8BB8-5B4FF0042215}.Release|Any CPU.Build.0 = Release|Any CPU
	EndGlobalSection
	GlobalSection(SolutionProperties) = preSolution
		HideSolutionNode = FALSE
	EndGlobalSection
	
EndGlobal
